# This file was autogenerated by Stack.
# You should not edit this file by hand.
# For more information, please see the documentation at:
#   https://docs.haskellstack.org/en/stable/lock_files

packages:
- completed:
    hackage: Cabal-syntax-3.8.1.0@sha256:4936765e9a7a8ecbf8fdbe9067f6d972bc0299220063abb2632a9950af64b966,7619
    pantry-tree:
      sha256: 0471cade235bb93e1fd32630f6d5fa69735a879d2712f47067c51bed0c46d536
      size: 11052
  original:
    hackage: Cabal-syntax-3.8.1.0@sha256:4936765e9a7a8ecbf8fdbe9067f6d972bc0299220063abb2632a9950af64b966,7619
snapshots:
- completed:
    sha256: fc39d8afc97531d53d87b10abdef593bce503c0c1e46c2e9a84ebcbc78bf8470
    size: 648432
    url: https://raw.githubusercontent.com/commercialhaskell/stackage-snapshots/master/lts/20/2.yaml
  original:
    url: https://raw.githubusercontent.com/commercialhaskell/stackage-snapshots/master/lts/20/2.yaml
